
Microsoft Visual Studio Solution File, Format Version 12.00
# Visual Studio 15
VisualStudioVersion = 15.0.28010.0
MinimumVisualStudioVersion = 10.0.40219.1
Project("{FAE04EC0-301F-11D3-BF4B-00C04F79EFBC}") = "SecureTheDoge", "SecureTheDoge\SecureTheDoge.csproj", "{62491E5A-DC85-4074-9030-152A7EAB86D5}"
EndProject
Global
	GlobalSection(SolutionConfigurationPlatforms) = preSolution
		Debug|Any CPU = Debug|Any CPU
		Release|Any CPU = Release|Any CPU
	EndGlobalSection
	GlobalSection(ProjectConfigurationPlatforms) = postSolution
		{62491E5A-DC85-4074-9030-152A7EAB86D5}.Debug|Any CPU.ActiveCfg = Debug|Any CPU
		{62491E5A-DC85-4074-9030-152A7EAB86D5}.Debug|Any CPU.Build.0 = Debug|Any CPU
		{62491E5A-DC85-4074-9030-152A7EAB86D5}.Release|Any CPU.ActiveCfg = Release|Any CPU
		{62491E5A-DC85-4074-9030-152A7EAB86D5}.Release|Any CPU.Build.0 = Release|Any CPU
	EndGlobalSection
	GlobalSection(SolutionProperties) = preSolution
		HideSolutionNode = FALSE
	EndGlobalSection
	GlobalSection(ExtensibilityGlobals) = postSolution
		SolutionGuid = {2B9036C9-76C3-4AB2-A227-5B09825FDDAF}
	EndGlobalSection
EndGlobal
