
Microsoft Visual Studio Solution File, Format Version 12.00
# Visual Studio 15
VisualStudioVersion = 15.0.28010.0
MinimumVisualStudioVersion = 10.0.40219.1
Project("{9A19103F-16F7-4668-BE54-9A1E7A4F7556}") = "SecureTheDoge", "SecureTheDoge\SecureTheDoge.csproj", "{62491E5A-DC85-4074-9030-152A7EAB86D5}"
EndProject
Project("{9A19103F-16F7-4668-BE54-9A1E7A4F7556}") = "SecureTheDoge.Data", "SecureTheDoge.Data\SecureTheDoge.Data.csproj", "{A07E3681-551A-4DCF-8307-44D20064C58C}"
EndProject
Global
	GlobalSection(SolutionConfigurationPlatforms) = preSolution
		Debug|Any CPU = Debug|Any CPU
		Release|Any CPU = Release|Any CPU
	EndGlobalSection
	GlobalSection(ProjectConfigurationPlatforms) = postSolution
		{62491E5A-DC85-4074-9030-152A7EAB86D5}.Debug|Any CPU.ActiveCfg = Debug|Any CPU
		{62491E5A-DC85-4074-9030-152A7EAB86D5}.Debug|Any CPU.Build.0 = Debug|Any CPU
		{62491E5A-DC85-4074-9030-152A7EAB86D5}.Release|Any CPU.ActiveCfg = Release|Any CPU
		{62491E5A-DC85-4074-9030-152A7EAB86D5}.Release|Any CPU.Build.0 = Release|Any CPU
		{A07E3681-551A-4DCF-8307-44D20064C58C}.Debug|Any CPU.ActiveCfg = Debug|Any CPU
		{A07E3681-551A-4DCF-8307-44D20064C58C}.Debug|Any CPU.Build.0 = Debug|Any CPU
		{A07E3681-551A-4DCF-8307-44D20064C58C}.Release|Any CPU.ActiveCfg = Release|Any CPU
		{A07E3681-551A-4DCF-8307-44D20064C58C}.Release|Any CPU.Build.0 = Release|Any CPU
	EndGlobalSection
	GlobalSection(SolutionProperties) = preSolution
		HideSolutionNode = FALSE
	EndGlobalSection
	GlobalSection(ExtensibilityGlobals) = postSolution
		SolutionGuid = {2B9036C9-76C3-4AB2-A227-5B09825FDDAF}
	EndGlobalSection
EndGlobal
